
Microsoft Visual Studio Solution File, Format Version 12.00
# Visual Studio 15
VisualStudioVersion = 15.0.28010.2046
MinimumVisualStudioVersion = 10.0.40219.1
Project("{FAE04EC0-301F-11D3-BF4B-00C04F79EFBC}") = "ConsoleApp2", "ConsoleApp2\ConsoleApp2.csproj", "{8EB65E1E-4F8A-488D-8358-20BB21B6C8C6}"
EndProject
Global
	GlobalSection(SolutionConfigurationPlatforms) = preSolution
		Debug|Any CPU = Debug|Any CPU
		Release|Any CPU = Release|Any CPU
	EndGlobalSection
	GlobalSection(ProjectConfigurationPlatforms) = postSolution
		{8EB65E1E-4F8A-488D-8358-20BB21B6C8C6}.Debug|Any CPU.ActiveCfg = Debug|Any CPU
		{8EB65E1E-4F8A-488D-8358-20BB21B6C8C6}.Debug|Any CPU.Build.0 = Debug|Any CPU
		{8EB65E1E-4F8A-488D-8358-20BB21B6C8C6}.Release|Any CPU.ActiveCfg = Release|Any CPU
		{8EB65E1E-4F8A-488D-8358-20BB21B6C8C6}.Release|Any CPU.Build.0 = Release|Any CPU
	EndGlobalSection
	GlobalSection(SolutionProperties) = preSolution
		HideSolutionNode = FALSE
	EndGlobalSection
	GlobalSection(ExtensibilityGlobals) = postSolution
		SolutionGuid = {5731AFD4-62EA-4007-862E-38E3F07D39B3}
	EndGlobalSection
EndGlobal
